
Microsoft Visual Studio Solution File, Format Version 12.00
# Visual Studio 15
VisualStudioVersion = 15.0.28307.757
MinimumVisualStudioVersion = 10.0.40219.1
Project("{2150E333-8FDC-42A3-9474-1A3956D46DE8}") = "2 - Domain", "2 - Domain", "{AA5D62C0-83FB-47A0-8226-C3537C324EDF}"
EndProject
Project("{2150E333-8FDC-42A3-9474-1A3956D46DE8}") = "3 - Service", "3 - Service", "{453FA3A7-3AEC-4F7E-BA26-45330766A200}"
EndProject
Project("{2150E333-8FDC-42A3-9474-1A3956D46DE8}") = "4 - Infra", "4 - Infra", "{156BA119-582B-4A44-BED1-059C28127626}"
EndProject
Project("{9A19103F-16F7-4668-BE54-9A1E7A4F7556}") = "SGQ.Domain", "SGQ.Domain\SGQ.Domain.csproj", "{D546DD88-BB40-471C-8720-F02F96704CA6}"
EndProject
Project("{9A19103F-16F7-4668-BE54-9A1E7A4F7556}") = "SGQ.Service", "SGQ.Service\SGQ.Service.csproj", "{C9368AF4-64F3-4025-8450-B98FAEFCBEC4}"
EndProject
Project("{2150E333-8FDC-42A3-9474-1A3956D46DE8}") = "Utils", "Utils", "{27F011DF-F7F4-470C-97F3-B4EB04353869}"
	ProjectSection(SolutionItems) = preProject
		Enums.cs = Enums.cs
	EndProjectSection
EndProject
Project("{2150E333-8FDC-42A3-9474-1A3956D46DE8}") = "4.1 - Data", "4.1 - Data", "{06AE05BD-1F08-4F3F-80E3-13603A992920}"
EndProject
Project("{2150E333-8FDC-42A3-9474-1A3956D46DE8}") = "4.2 - CrossCutting", "4.2 - CrossCutting", "{1D332B08-0815-4C94-A7E7-92D6FFA2EB3A}"
EndProject
Project("{2150E333-8FDC-42A3-9474-1A3956D46DE8}") = "1 - Application", "1 - Application", "{028BFEB8-DF3B-4784-BADD-CBCD56F7192A}"
EndProject
Project("{9A19103F-16F7-4668-BE54-9A1E7A4F7556}") = "SGQ.Application", "SGQ.Application\SGQ.Application.csproj", "{1B0306BF-82C4-479E-A6A5-DD721B46A85D}"
EndProject
Project("{9A19103F-16F7-4668-BE54-9A1E7A4F7556}") = "SGQ.Infra.Data", "SGQ.Infra.Data\SGQ.Infra.Data.csproj", "{771EAF0B-4968-43BB-BCBB-940E0F53212A}"
EndProject
Project("{9A19103F-16F7-4668-BE54-9A1E7A4F7556}") = "SGQ.Infra.CrossCutting", "SGQ.Infra.CrossCutting\SGQ.Infra.CrossCutting.csproj", "{64F70947-494C-4E56-9303-F7C84607BD3B}"
EndProject
Global
	GlobalSection(SolutionConfigurationPlatforms) = preSolution
		Debug|Any CPU = Debug|Any CPU
		Release|Any CPU = Release|Any CPU
	EndGlobalSection
	GlobalSection(ProjectConfigurationPlatforms) = postSolution
		{D546DD88-BB40-471C-8720-F02F96704CA6}.Debug|Any CPU.ActiveCfg = Debug|Any CPU
		{D546DD88-BB40-471C-8720-F02F96704CA6}.Debug|Any CPU.Build.0 = Debug|Any CPU
		{D546DD88-BB40-471C-8720-F02F96704CA6}.Release|Any CPU.ActiveCfg = Release|Any CPU
		{D546DD88-BB40-471C-8720-F02F96704CA6}.Release|Any CPU.Build.0 = Release|Any CPU
		{C9368AF4-64F3-4025-8450-B98FAEFCBEC4}.Debug|Any CPU.ActiveCfg = Debug|Any CPU
		{C9368AF4-64F3-4025-8450-B98FAEFCBEC4}.Debug|Any CPU.Build.0 = Debug|Any CPU
		{C9368AF4-64F3-4025-8450-B98FAEFCBEC4}.Release|Any CPU.ActiveCfg = Release|Any CPU
		{C9368AF4-64F3-4025-8450-B98FAEFCBEC4}.Release|Any CPU.Build.0 = Release|Any CPU
		{1B0306BF-82C4-479E-A6A5-DD721B46A85D}.Debug|Any CPU.ActiveCfg = Debug|Any CPU
		{1B0306BF-82C4-479E-A6A5-DD721B46A85D}.Debug|Any CPU.Build.0 = Debug|Any CPU
		{1B0306BF-82C4-479E-A6A5-DD721B46A85D}.Release|Any CPU.ActiveCfg = Release|Any CPU
		{1B0306BF-82C4-479E-A6A5-DD721B46A85D}.Release|Any CPU.Build.0 = Release|Any CPU
		{771EAF0B-4968-43BB-BCBB-940E0F53212A}.Debug|Any CPU.ActiveCfg = Debug|Any CPU
		{771EAF0B-4968-43BB-BCBB-940E0F53212A}.Debug|Any CPU.Build.0 = Debug|Any CPU
		{771EAF0B-4968-43BB-BCBB-940E0F53212A}.Release|Any CPU.ActiveCfg = Release|Any CPU
		{771EAF0B-4968-43BB-BCBB-940E0F53212A}.Release|Any CPU.Build.0 = Release|Any CPU
		{64F70947-494C-4E56-9303-F7C84607BD3B}.Debug|Any CPU.ActiveCfg = Debug|Any CPU
		{64F70947-494C-4E56-9303-F7C84607BD3B}.Debug|Any CPU.Build.0 = Debug|Any CPU
		{64F70947-494C-4E56-9303-F7C84607BD3B}.Release|Any CPU.ActiveCfg = Release|Any CPU
		{64F70947-494C-4E56-9303-F7C84607BD3B}.Release|Any CPU.Build.0 = Release|Any CPU
	EndGlobalSection
	GlobalSection(SolutionProperties) = preSolution
		HideSolutionNode = FALSE
	EndGlobalSection
	GlobalSection(NestedProjects) = preSolution
		{D546DD88-BB40-471C-8720-F02F96704CA6} = {AA5D62C0-83FB-47A0-8226-C3537C324EDF}
		{C9368AF4-64F3-4025-8450-B98FAEFCBEC4} = {453FA3A7-3AEC-4F7E-BA26-45330766A200}
		{06AE05BD-1F08-4F3F-80E3-13603A992920} = {156BA119-582B-4A44-BED1-059C28127626}
		{1D332B08-0815-4C94-A7E7-92D6FFA2EB3A} = {156BA119-582B-4A44-BED1-059C28127626}
		{1B0306BF-82C4-479E-A6A5-DD721B46A85D} = {028BFEB8-DF3B-4784-BADD-CBCD56F7192A}
		{771EAF0B-4968-43BB-BCBB-940E0F53212A} = {06AE05BD-1F08-4F3F-80E3-13603A992920}
		{64F70947-494C-4E56-9303-F7C84607BD3B} = {1D332B08-0815-4C94-A7E7-92D6FFA2EB3A}
	EndGlobalSection
	GlobalSection(ExtensibilityGlobals) = postSolution
		SolutionGuid = {6418AD5D-B798-4414-8240-BF621920975C}
	EndGlobalSection
EndGlobal
