
Microsoft Visual Studio Solution File, Format Version 12.00
# Visual Studio 15
VisualStudioVersion = 15.0.28307.757
MinimumVisualStudioVersion = 10.0.40219.1
Project("{FAE04EC0-301F-11D3-BF4B-00C04F79EFBC}") = "SGQ_Web", "SGQ_Web\SGQ_Web.csproj", "{A37F9C91-2CEB-466F-BB85-43EA7095EED5}"
EndProject
Global
	GlobalSection(SolutionConfigurationPlatforms) = preSolution
		Debug|Any CPU = Debug|Any CPU
		Release|Any CPU = Release|Any CPU
	EndGlobalSection
	GlobalSection(ProjectConfigurationPlatforms) = postSolution
		{A37F9C91-2CEB-466F-BB85-43EA7095EED5}.Debug|Any CPU.ActiveCfg = Debug|Any CPU
		{A37F9C91-2CEB-466F-BB85-43EA7095EED5}.Debug|Any CPU.Build.0 = Debug|Any CPU
		{A37F9C91-2CEB-466F-BB85-43EA7095EED5}.Release|Any CPU.ActiveCfg = Release|Any CPU
		{A37F9C91-2CEB-466F-BB85-43EA7095EED5}.Release|Any CPU.Build.0 = Release|Any CPU
	EndGlobalSection
	GlobalSection(SolutionProperties) = preSolution
		HideSolutionNode = FALSE
	EndGlobalSection
	GlobalSection(ExtensibilityGlobals) = postSolution
		SolutionGuid = {C8A3B235-B740-41FC-B5BD-C8270538DEF3}
	EndGlobalSection
EndGlobal
